
Microsoft Visual Studio Solution File, Format Version 12.00
# Visual Studio 15
VisualStudioVersion = 15.0.28307.168
MinimumVisualStudioVersion = 10.0.40219.1
Project("{FAE04EC0-301F-11D3-BF4B-00C04F79EFBC}") = "TreeDataStructures", "TreeDataStructures\TreeDataStructures.csproj", "{43C9FAA0-D905-4261-AD17-932F00C924B6}"
EndProject
Global
	GlobalSection(SolutionConfigurationPlatforms) = preSolution
		Debug|Any CPU = Debug|Any CPU
		Release|Any CPU = Release|Any CPU
	EndGlobalSection
	GlobalSection(ProjectConfigurationPlatforms) = postSolution
		{43C9FAA0-D905-4261-AD17-932F00C924B6}.Debug|Any CPU.ActiveCfg = Debug|Any CPU
		{43C9FAA0-D905-4261-AD17-932F00C924B6}.Debug|Any CPU.Build.0 = Debug|Any CPU
		{43C9FAA0-D905-4261-AD17-932F00C924B6}.Release|Any CPU.ActiveCfg = Release|Any CPU
		{43C9FAA0-D905-4261-AD17-932F00C924B6}.Release|Any CPU.Build.0 = Release|Any CPU
	EndGlobalSection
	GlobalSection(SolutionProperties) = preSolution
		HideSolutionNode = FALSE
	EndGlobalSection
	GlobalSection(ExtensibilityGlobals) = postSolution
		SolutionGuid = {84024D18-34CF-48E1-BDEB-C3A08B8E4782}
	EndGlobalSection
EndGlobal
